
Microsoft Visual Studio Solution File, Format Version 12.00
# Visual Studio Express 2013 for Windows Desktop
VisualStudioVersion = 12.0.31101.0
MinimumVisualStudioVersion = 10.0.40219.1
Project("{FAE04EC0-301F-11D3-BF4B-00C04F79EFBC}") = "MetaClientTest", "MetaClientTest\MetaClientTest.csproj", "{E3B7F688-3C03-4B34-A9F2-3A27C8715A1F}"
EndProject
Project("{FAE04EC0-301F-11D3-BF4B-00C04F79EFBC}") = "KafkaClientTest", "KafkaClientTest\KafkaClientTest.csproj", "{6BA71971-0419-40FD-ACD4-DFA402FC9DEF}"
EndProject
Project("{FAE04EC0-301F-11D3-BF4B-00C04F79EFBC}") = "HermesCodec", "HermesCodec\HermesCodec.csproj", "{8CA3A0E9-3A0E-45E4-ADA1-90EC1CC933AC}"
EndProject
Project("{FAE04EC0-301F-11D3-BF4B-00C04F79EFBC}") = "MetaClient", "MetaClient\MetaClient.csproj", "{88838E92-1427-4F60-A82A-0C2E1F070775}"
EndProject
Global
	GlobalSection(SolutionConfigurationPlatforms) = preSolution
		Debug|Any CPU = Debug|Any CPU
		Debug|Mixed Platforms = Debug|Mixed Platforms
		Debug|x86 = Debug|x86
		Release|Any CPU = Release|Any CPU
		Release|Mixed Platforms = Release|Mixed Platforms
		Release|x86 = Release|x86
	EndGlobalSection
	GlobalSection(ProjectConfigurationPlatforms) = postSolution
		{E3B7F688-3C03-4B34-A9F2-3A27C8715A1F}.Debug|Any CPU.ActiveCfg = Debug|x86
		{E3B7F688-3C03-4B34-A9F2-3A27C8715A1F}.Debug|Mixed Platforms.ActiveCfg = Debug|x86
		{E3B7F688-3C03-4B34-A9F2-3A27C8715A1F}.Debug|Mixed Platforms.Build.0 = Debug|x86
		{E3B7F688-3C03-4B34-A9F2-3A27C8715A1F}.Debug|x86.ActiveCfg = Debug|x86
		{E3B7F688-3C03-4B34-A9F2-3A27C8715A1F}.Debug|x86.Build.0 = Debug|x86
		{E3B7F688-3C03-4B34-A9F2-3A27C8715A1F}.Release|Any CPU.ActiveCfg = Release|x86
		{E3B7F688-3C03-4B34-A9F2-3A27C8715A1F}.Release|Mixed Platforms.ActiveCfg = Release|x86
		{E3B7F688-3C03-4B34-A9F2-3A27C8715A1F}.Release|Mixed Platforms.Build.0 = Release|x86
		{E3B7F688-3C03-4B34-A9F2-3A27C8715A1F}.Release|x86.ActiveCfg = Release|x86
		{E3B7F688-3C03-4B34-A9F2-3A27C8715A1F}.Release|x86.Build.0 = Release|x86
		{6BA71971-0419-40FD-ACD4-DFA402FC9DEF}.Debug|Any CPU.ActiveCfg = Debug|Any CPU
		{6BA71971-0419-40FD-ACD4-DFA402FC9DEF}.Debug|Any CPU.Build.0 = Debug|Any CPU
		{6BA71971-0419-40FD-ACD4-DFA402FC9DEF}.Debug|Mixed Platforms.ActiveCfg = Debug|Any CPU
		{6BA71971-0419-40FD-ACD4-DFA402FC9DEF}.Debug|Mixed Platforms.Build.0 = Debug|Any CPU
		{6BA71971-0419-40FD-ACD4-DFA402FC9DEF}.Debug|x86.ActiveCfg = Debug|Any CPU
		{6BA71971-0419-40FD-ACD4-DFA402FC9DEF}.Release|Any CPU.ActiveCfg = Release|Any CPU
		{6BA71971-0419-40FD-ACD4-DFA402FC9DEF}.Release|Any CPU.Build.0 = Release|Any CPU
		{6BA71971-0419-40FD-ACD4-DFA402FC9DEF}.Release|Mixed Platforms.ActiveCfg = Release|Any CPU
		{6BA71971-0419-40FD-ACD4-DFA402FC9DEF}.Release|Mixed Platforms.Build.0 = Release|Any CPU
		{6BA71971-0419-40FD-ACD4-DFA402FC9DEF}.Release|x86.ActiveCfg = Release|Any CPU
		{8CA3A0E9-3A0E-45E4-ADA1-90EC1CC933AC}.Debug|Any CPU.ActiveCfg = Debug|Any CPU
		{8CA3A0E9-3A0E-45E4-ADA1-90EC1CC933AC}.Debug|Any CPU.Build.0 = Debug|Any CPU
		{8CA3A0E9-3A0E-45E4-ADA1-90EC1CC933AC}.Debug|Mixed Platforms.ActiveCfg = Debug|Any CPU
		{8CA3A0E9-3A0E-45E4-ADA1-90EC1CC933AC}.Debug|Mixed Platforms.Build.0 = Debug|Any CPU
		{8CA3A0E9-3A0E-45E4-ADA1-90EC1CC933AC}.Debug|x86.ActiveCfg = Debug|Any CPU
		{8CA3A0E9-3A0E-45E4-ADA1-90EC1CC933AC}.Release|Any CPU.ActiveCfg = Release|Any CPU
		{8CA3A0E9-3A0E-45E4-ADA1-90EC1CC933AC}.Release|Any CPU.Build.0 = Release|Any CPU
		{8CA3A0E9-3A0E-45E4-ADA1-90EC1CC933AC}.Release|Mixed Platforms.ActiveCfg = Release|Any CPU
		{8CA3A0E9-3A0E-45E4-ADA1-90EC1CC933AC}.Release|Mixed Platforms.Build.0 = Release|Any CPU
		{8CA3A0E9-3A0E-45E4-ADA1-90EC1CC933AC}.Release|x86.ActiveCfg = Release|Any CPU
		{88838E92-1427-4F60-A82A-0C2E1F070775}.Debug|Any CPU.ActiveCfg = Debug|x86
		{88838E92-1427-4F60-A82A-0C2E1F070775}.Debug|Mixed Platforms.ActiveCfg = Debug|x86
		{88838E92-1427-4F60-A82A-0C2E1F070775}.Debug|Mixed Platforms.Build.0 = Debug|x86
		{88838E92-1427-4F60-A82A-0C2E1F070775}.Debug|x86.ActiveCfg = Debug|x86
		{88838E92-1427-4F60-A82A-0C2E1F070775}.Debug|x86.Build.0 = Debug|x86
		{88838E92-1427-4F60-A82A-0C2E1F070775}.Release|Any CPU.ActiveCfg = Release|x86
		{88838E92-1427-4F60-A82A-0C2E1F070775}.Release|Mixed Platforms.ActiveCfg = Release|x86
		{88838E92-1427-4F60-A82A-0C2E1F070775}.Release|Mixed Platforms.Build.0 = Release|x86
		{88838E92-1427-4F60-A82A-0C2E1F070775}.Release|x86.ActiveCfg = Release|x86
		{88838E92-1427-4F60-A82A-0C2E1F070775}.Release|x86.Build.0 = Release|x86
	EndGlobalSection
	GlobalSection(SolutionProperties) = preSolution
		HideSolutionNode = FALSE
	EndGlobalSection
EndGlobal
